
Microsoft Visual Studio Solution File, Format Version 12.00
# Visual Studio 15
VisualStudioVersion = 15.0.27130.2010
MinimumVisualStudioVersion = 10.0.40219.1
Project("{FAE04EC0-301F-11D3-BF4B-00C04F79EFBC}") = "School_Management_System", "School_Management_System\School_Management_System.csproj", "{678549F4-A57D-4AD9-82FC-EE88D935FA1E}"
EndProject
Global
	GlobalSection(SolutionConfigurationPlatforms) = preSolution
		Debug|Any CPU = Debug|Any CPU
		Release|Any CPU = Release|Any CPU
	EndGlobalSection
	GlobalSection(ProjectConfigurationPlatforms) = postSolution
		{678549F4-A57D-4AD9-82FC-EE88D935FA1E}.Debug|Any CPU.ActiveCfg = Debug|Any CPU
		{678549F4-A57D-4AD9-82FC-EE88D935FA1E}.Debug|Any CPU.Build.0 = Debug|Any CPU
		{678549F4-A57D-4AD9-82FC-EE88D935FA1E}.Release|Any CPU.ActiveCfg = Release|Any CPU
		{678549F4-A57D-4AD9-82FC-EE88D935FA1E}.Release|Any CPU.Build.0 = Release|Any CPU
	EndGlobalSection
	GlobalSection(SolutionProperties) = preSolution
		HideSolutionNode = FALSE
	EndGlobalSection
	GlobalSection(ExtensibilityGlobals) = postSolution
		SolutionGuid = {5D886CDC-179E-4A66-B604-83712730473C}
	EndGlobalSection
EndGlobal
